
Microsoft Visual Studio Solution File, Format Version 12.00
# Visual Studio Version 16
VisualStudioVersion = 16.0.30804.86
MinimumVisualStudioVersion = 10.0.40219.1
Project("{FAE04EC0-301F-11D3-BF4B-00C04F79EFBC}") = "SwDD2_MT1_FeedbackProcessor", "SwDD2_MT1_FeedbackProcessor\SwDD2_MT1_FeedbackProcessor.csproj", "{BEFB866F-F3F9-46BD-BB7C-2C690511D261}"
EndProject
Global
	GlobalSection(SolutionConfigurationPlatforms) = preSolution
		Debug|Any CPU = Debug|Any CPU
		Release|Any CPU = Release|Any CPU
	EndGlobalSection
	GlobalSection(ProjectConfigurationPlatforms) = postSolution
		{BEFB866F-F3F9-46BD-BB7C-2C690511D261}.Debug|Any CPU.ActiveCfg = Debug|Any CPU
		{BEFB866F-F3F9-46BD-BB7C-2C690511D261}.Debug|Any CPU.Build.0 = Debug|Any CPU
		{BEFB866F-F3F9-46BD-BB7C-2C690511D261}.Release|Any CPU.ActiveCfg = Release|Any CPU
		{BEFB866F-F3F9-46BD-BB7C-2C690511D261}.Release|Any CPU.Build.0 = Release|Any CPU
	EndGlobalSection
	GlobalSection(SolutionProperties) = preSolution
		HideSolutionNode = FALSE
	EndGlobalSection
	GlobalSection(ExtensibilityGlobals) = postSolution
		SolutionGuid = {F0F9E961-67DB-409E-A16F-7FE86B671FEB}
	EndGlobalSection
EndGlobal
